
Microsoft Visual Studio Solution File, Format Version 12.00
# Visual Studio 15
VisualStudioVersion = 15.0.28010.2046
MinimumVisualStudioVersion = 10.0.40219.1
Project("{8BC9CEB8-8B4A-11D0-8D11-00A0C91BC942}") = "msvexample", "msvexample.vcxproj", "{C2FDA53B-1278-4FE8-A2FE-2FFEC4879665}"
EndProject
Project("{8BC9CEB8-8B4A-11D0-8D11-00A0C91BC942}") = "mpassivecfg", "..\..\mconfig\mpassivecfg\mpassivecfg.vcxproj", "{3414A198-BF0F-470D-8D89-DCCEAC13A957}"
EndProject
Project("{8BC9CEB8-8B4A-11D0-8D11-00A0C91BC942}") = "msys", "..\msys\msys.vcxproj", "{49045281-86BB-41F0-A74D-ED7C9F108D30}"
EndProject
Project("{8BC9CEB8-8B4A-11D0-8D11-00A0C91BC942}") = "msys_lib", "..\msys_lib\msys_lib.vcxproj", "{E7BF311B-C590-4311-948A-109E6EB1CDB3}"
EndProject
Project("{8BC9CEB8-8B4A-11D0-8D11-00A0C91BC942}") = "mthreading", "..\..\mthreading\mthreading.vcxproj", "{EBEDF666-A766-4EA1-B5AA-3FE6505D42BC}"
EndProject
Project("{8BC9CEB8-8B4A-11D0-8D11-00A0C91BC942}") = "mmodule", "..\..\mmodule\mmodule.vcxproj", "{C1DDB80C-E5BC-4F7A-B35F-299F6C2EB844}"
EndProject
Project("{8BC9CEB8-8B4A-11D0-8D11-00A0C91BC942}") = "mconfig", "..\..\mconfig\mconfig\mconfig.vcxproj", "{42B50CEF-DC26-429F-91C8-FF640C2BFB54}"
EndProject
Project("{8BC9CEB8-8B4A-11D0-8D11-00A0C91BC942}") = "mdllfactory", "..\..\mdllfactory\mdllfactory.vcxproj", "{1445D4F5-645D-4A0C-B858-6DAB559FE8BC}"
EndProject
Project("{2150E333-8FDC-42A3-9474-1A3956D46DE8}") = "Libs and Dlls", "Libs and Dlls", "{FD8CDFEF-9E14-4640-9304-939437FC7B05}"
EndProject
Project("{8BC9CEB8-8B4A-11D0-8D11-00A0C91BC942}") = "msvexamplemodule_lib", "msvexamplemodule_lib\msvexamplemodule_lib.vcxproj", "{1538B78C-2868-4D97-83D7-27DBDD7BADDF}"
EndProject
Project("{8BC9CEB8-8B4A-11D0-8D11-00A0C91BC942}") = "msvexamplemodule", "msvexamplemodule\msvexamplemodule.vcxproj", "{7B19BE5C-00E5-459B-845A-F05C44F5A637}"
EndProject
Global
	GlobalSection(SolutionConfigurationPlatforms) = preSolution
		Debug|x64 = Debug|x64
		Debug|x86 = Debug|x86
		Release|x64 = Release|x64
		Release|x86 = Release|x86
	EndGlobalSection
	GlobalSection(ProjectConfigurationPlatforms) = postSolution
		{C2FDA53B-1278-4FE8-A2FE-2FFEC4879665}.Debug|x64.ActiveCfg = Debug|x64
		{C2FDA53B-1278-4FE8-A2FE-2FFEC4879665}.Debug|x64.Build.0 = Debug|x64
		{C2FDA53B-1278-4FE8-A2FE-2FFEC4879665}.Debug|x86.ActiveCfg = Debug|Win32
		{C2FDA53B-1278-4FE8-A2FE-2FFEC4879665}.Debug|x86.Build.0 = Debug|Win32
		{C2FDA53B-1278-4FE8-A2FE-2FFEC4879665}.Release|x64.ActiveCfg = Release|x64
		{C2FDA53B-1278-4FE8-A2FE-2FFEC4879665}.Release|x64.Build.0 = Release|x64
		{C2FDA53B-1278-4FE8-A2FE-2FFEC4879665}.Release|x86.ActiveCfg = Release|Win32
		{C2FDA53B-1278-4FE8-A2FE-2FFEC4879665}.Release|x86.Build.0 = Release|Win32
		{3414A198-BF0F-470D-8D89-DCCEAC13A957}.Debug|x64.ActiveCfg = Debug|x64
		{3414A198-BF0F-470D-8D89-DCCEAC13A957}.Debug|x64.Build.0 = Debug|x64
		{3414A198-BF0F-470D-8D89-DCCEAC13A957}.Debug|x86.ActiveCfg = Debug|Win32
		{3414A198-BF0F-470D-8D89-DCCEAC13A957}.Debug|x86.Build.0 = Debug|Win32
		{3414A198-BF0F-470D-8D89-DCCEAC13A957}.Release|x64.ActiveCfg = Release|x64
		{3414A198-BF0F-470D-8D89-DCCEAC13A957}.Release|x64.Build.0 = Release|x64
		{3414A198-BF0F-470D-8D89-DCCEAC13A957}.Release|x86.ActiveCfg = Release|Win32
		{3414A198-BF0F-470D-8D89-DCCEAC13A957}.Release|x86.Build.0 = Release|Win32
		{49045281-86BB-41F0-A74D-ED7C9F108D30}.Debug|x64.ActiveCfg = Debug|x64
		{49045281-86BB-41F0-A74D-ED7C9F108D30}.Debug|x64.Build.0 = Debug|x64
		{49045281-86BB-41F0-A74D-ED7C9F108D30}.Debug|x86.ActiveCfg = Debug|Win32
		{49045281-86BB-41F0-A74D-ED7C9F108D30}.Debug|x86.Build.0 = Debug|Win32
		{49045281-86BB-41F0-A74D-ED7C9F108D30}.Release|x64.ActiveCfg = Release|x64
		{49045281-86BB-41F0-A74D-ED7C9F108D30}.Release|x64.Build.0 = Release|x64
		{49045281-86BB-41F0-A74D-ED7C9F108D30}.Release|x86.ActiveCfg = Release|Win32
		{49045281-86BB-41F0-A74D-ED7C9F108D30}.Release|x86.Build.0 = Release|Win32
		{E7BF311B-C590-4311-948A-109E6EB1CDB3}.Debug|x64.ActiveCfg = Debug|x64
		{E7BF311B-C590-4311-948A-109E6EB1CDB3}.Debug|x64.Build.0 = Debug|x64
		{E7BF311B-C590-4311-948A-109E6EB1CDB3}.Debug|x86.ActiveCfg = Debug|Win32
		{E7BF311B-C590-4311-948A-109E6EB1CDB3}.Debug|x86.Build.0 = Debug|Win32
		{E7BF311B-C590-4311-948A-109E6EB1CDB3}.Release|x64.ActiveCfg = Release|x64
		{E7BF311B-C590-4311-948A-109E6EB1CDB3}.Release|x64.Build.0 = Release|x64
		{E7BF311B-C590-4311-948A-109E6EB1CDB3}.Release|x86.ActiveCfg = Release|Win32
		{E7BF311B-C590-4311-948A-109E6EB1CDB3}.Release|x86.Build.0 = Release|Win32
		{EBEDF666-A766-4EA1-B5AA-3FE6505D42BC}.Debug|x64.ActiveCfg = Debug|x64
		{EBEDF666-A766-4EA1-B5AA-3FE6505D42BC}.Debug|x64.Build.0 = Debug|x64
		{EBEDF666-A766-4EA1-B5AA-3FE6505D42BC}.Debug|x86.ActiveCfg = Debug|Win32
		{EBEDF666-A766-4EA1-B5AA-3FE6505D42BC}.Debug|x86.Build.0 = Debug|Win32
		{EBEDF666-A766-4EA1-B5AA-3FE6505D42BC}.Release|x64.ActiveCfg = Release|x64
		{EBEDF666-A766-4EA1-B5AA-3FE6505D42BC}.Release|x64.Build.0 = Release|x64
		{EBEDF666-A766-4EA1-B5AA-3FE6505D42BC}.Release|x86.ActiveCfg = Release|Win32
		{EBEDF666-A766-4EA1-B5AA-3FE6505D42BC}.Release|x86.Build.0 = Release|Win32
		{C1DDB80C-E5BC-4F7A-B35F-299F6C2EB844}.Debug|x64.ActiveCfg = Debug|x64
		{C1DDB80C-E5BC-4F7A-B35F-299F6C2EB844}.Debug|x64.Build.0 = Debug|x64
		{C1DDB80C-E5BC-4F7A-B35F-299F6C2EB844}.Debug|x86.ActiveCfg = Debug|Win32
		{C1DDB80C-E5BC-4F7A-B35F-299F6C2EB844}.Debug|x86.Build.0 = Debug|Win32
		{C1DDB80C-E5BC-4F7A-B35F-299F6C2EB844}.Release|x64.ActiveCfg = Release|x64
		{C1DDB80C-E5BC-4F7A-B35F-299F6C2EB844}.Release|x64.Build.0 = Release|x64
		{C1DDB80C-E5BC-4F7A-B35F-299F6C2EB844}.Release|x86.ActiveCfg = Release|Win32
		{C1DDB80C-E5BC-4F7A-B35F-299F6C2EB844}.Release|x86.Build.0 = Release|Win32
		{42B50CEF-DC26-429F-91C8-FF640C2BFB54}.Debug|x64.ActiveCfg = Debug|x64
		{42B50CEF-DC26-429F-91C8-FF640C2BFB54}.Debug|x64.Build.0 = Debug|x64
		{42B50CEF-DC26-429F-91C8-FF640C2BFB54}.Debug|x86.ActiveCfg = Debug|Win32
		{42B50CEF-DC26-429F-91C8-FF640C2BFB54}.Debug|x86.Build.0 = Debug|Win32
		{42B50CEF-DC26-429F-91C8-FF640C2BFB54}.Release|x64.ActiveCfg = Release|x64
		{42B50CEF-DC26-429F-91C8-FF640C2BFB54}.Release|x64.Build.0 = Release|x64
		{42B50CEF-DC26-429F-91C8-FF640C2BFB54}.Release|x86.ActiveCfg = Release|Win32
		{42B50CEF-DC26-429F-91C8-FF640C2BFB54}.Release|x86.Build.0 = Release|Win32
		{1445D4F5-645D-4A0C-B858-6DAB559FE8BC}.Debug|x64.ActiveCfg = Debug|x64
		{1445D4F5-645D-4A0C-B858-6DAB559FE8BC}.Debug|x64.Build.0 = Debug|x64
		{1445D4F5-645D-4A0C-B858-6DAB559FE8BC}.Debug|x86.ActiveCfg = Debug|Win32
		{1445D4F5-645D-4A0C-B858-6DAB559FE8BC}.Debug|x86.Build.0 = Debug|Win32
		{1445D4F5-645D-4A0C-B858-6DAB559FE8BC}.Release|x64.ActiveCfg = Release|x64
		{1445D4F5-645D-4A0C-B858-6DAB559FE8BC}.Release|x64.Build.0 = Release|x64
		{1445D4F5-645D-4A0C-B858-6DAB559FE8BC}.Release|x86.ActiveCfg = Release|Win32
		{1445D4F5-645D-4A0C-B858-6DAB559FE8BC}.Release|x86.Build.0 = Release|Win32
		{1538B78C-2868-4D97-83D7-27DBDD7BADDF}.Debug|x64.ActiveCfg = Debug|x64
		{1538B78C-2868-4D97-83D7-27DBDD7BADDF}.Debug|x64.Build.0 = Debug|x64
		{1538B78C-2868-4D97-83D7-27DBDD7BADDF}.Debug|x86.ActiveCfg = Debug|Win32
		{1538B78C-2868-4D97-83D7-27DBDD7BADDF}.Debug|x86.Build.0 = Debug|Win32
		{1538B78C-2868-4D97-83D7-27DBDD7BADDF}.Release|x64.ActiveCfg = Release|x64
		{1538B78C-2868-4D97-83D7-27DBDD7BADDF}.Release|x64.Build.0 = Release|x64
		{1538B78C-2868-4D97-83D7-27DBDD7BADDF}.Release|x86.ActiveCfg = Release|Win32
		{1538B78C-2868-4D97-83D7-27DBDD7BADDF}.Release|x86.Build.0 = Release|Win32
		{7B19BE5C-00E5-459B-845A-F05C44F5A637}.Debug|x64.ActiveCfg = Debug|x64
		{7B19BE5C-00E5-459B-845A-F05C44F5A637}.Debug|x64.Build.0 = Debug|x64
		{7B19BE5C-00E5-459B-845A-F05C44F5A637}.Debug|x86.ActiveCfg = Debug|Win32
		{7B19BE5C-00E5-459B-845A-F05C44F5A637}.Debug|x86.Build.0 = Debug|Win32
		{7B19BE5C-00E5-459B-845A-F05C44F5A637}.Release|x64.ActiveCfg = Release|x64
		{7B19BE5C-00E5-459B-845A-F05C44F5A637}.Release|x64.Build.0 = Release|x64
		{7B19BE5C-00E5-459B-845A-F05C44F5A637}.Release|x86.ActiveCfg = Release|Win32
		{7B19BE5C-00E5-459B-845A-F05C44F5A637}.Release|x86.Build.0 = Release|Win32
	EndGlobalSection
	GlobalSection(SolutionProperties) = preSolution
		HideSolutionNode = FALSE
	EndGlobalSection
	GlobalSection(NestedProjects) = preSolution
		{3414A198-BF0F-470D-8D89-DCCEAC13A957} = {FD8CDFEF-9E14-4640-9304-939437FC7B05}
		{49045281-86BB-41F0-A74D-ED7C9F108D30} = {FD8CDFEF-9E14-4640-9304-939437FC7B05}
		{E7BF311B-C590-4311-948A-109E6EB1CDB3} = {FD8CDFEF-9E14-4640-9304-939437FC7B05}
		{EBEDF666-A766-4EA1-B5AA-3FE6505D42BC} = {FD8CDFEF-9E14-4640-9304-939437FC7B05}
		{C1DDB80C-E5BC-4F7A-B35F-299F6C2EB844} = {FD8CDFEF-9E14-4640-9304-939437FC7B05}
		{42B50CEF-DC26-429F-91C8-FF640C2BFB54} = {FD8CDFEF-9E14-4640-9304-939437FC7B05}
		{1445D4F5-645D-4A0C-B858-6DAB559FE8BC} = {FD8CDFEF-9E14-4640-9304-939437FC7B05}
	EndGlobalSection
	GlobalSection(ExtensibilityGlobals) = postSolution
		SolutionGuid = {60FAD3FC-7FA9-4F78-B6A5-952C8766D5B9}
	EndGlobalSection
EndGlobal
