
Microsoft Visual Studio Solution File, Format Version 12.00
# Visual Studio 15
VisualStudioVersion = 15.0.28010.2046
MinimumVisualStudioVersion = 10.0.40219.1
Project("{8BC9CEB8-8B4A-11D0-8D11-00A0C91BC942}") = "msys_lib", "msys_lib\msys_lib.vcxproj", "{E7BF311B-C590-4311-948A-109E6EB1CDB3}"
EndProject
Project("{8BC9CEB8-8B4A-11D0-8D11-00A0C91BC942}") = "msys", "msys\msys.vcxproj", "{49045281-86BB-41F0-A74D-ED7C9F108D30}"
EndProject
Project("{8BC9CEB8-8B4A-11D0-8D11-00A0C91BC942}") = "mthreading", "..\mthreading\mthreading.vcxproj", "{EBEDF666-A766-4EA1-B5AA-3FE6505D42BC}"
EndProject
Project("{2150E333-8FDC-42A3-9474-1A3956D46DE8}") = "Tests", "Tests", "{4B74C2F2-20E0-4728-8F89-FCC08001DEA3}"
EndProject
Project("{8BC9CEB8-8B4A-11D0-8D11-00A0C91BC942}") = "mthreadingTest", "..\mthreading\Test\mthreadingTest.vcxproj", "{817BC8E1-CF3F-4023-9639-667E0BA328C4}"
EndProject
Project("{8BC9CEB8-8B4A-11D0-8D11-00A0C91BC942}") = "mconfigTest", "..\mconfig\Test\mconfigTest.vcxproj", "{66AD18BF-B108-45FE-B6A2-B5CE4AD7A42D}"
EndProject
Project("{8BC9CEB8-8B4A-11D0-8D11-00A0C91BC942}") = "MdiTest", "..\mdi\Test\MdiTest.vcxproj", "{D63D9999-A17B-45F7-B7F9-F83939239B00}"
EndProject
Project("{8BC9CEB8-8B4A-11D0-8D11-00A0C91BC942}") = "MsvErrorTest", "..\merror\Test\MsvErrorTest.vcxproj", "{681F686A-3226-4230-8DD9-88EE84A8E2EE}"
EndProject
Project("{8BC9CEB8-8B4A-11D0-8D11-00A0C91BC942}") = "MsvLoggingTest", "..\mlogging\Test\MsvLoggingTest.vcxproj", "{019F6813-A1FD-4FF3-96C9-A39525E755CD}"
EndProject
Project("{2150E333-8FDC-42A3-9474-1A3956D46DE8}") = "Libraries", "Libraries", "{E2B69F49-0E88-48D5-8EE2-6E621D1457A1}"
EndProject
Project("{8BC9CEB8-8B4A-11D0-8D11-00A0C91BC942}") = "mconfig", "..\mconfig\mconfig\mconfig.vcxproj", "{42B50CEF-DC26-429F-91C8-FF640C2BFB54}"
EndProject
Project("{8BC9CEB8-8B4A-11D0-8D11-00A0C91BC942}") = "msysTest", "Test\msysTest.vcxproj", "{75467AC5-1C86-4EF9-B197-B14DE5E46ABC}"
EndProject
Project("{8BC9CEB8-8B4A-11D0-8D11-00A0C91BC942}") = "mdllfactory", "..\mdllfactory\mdllfactory.vcxproj", "{1445D4F5-645D-4A0C-B858-6DAB559FE8BC}"
EndProject
Project("{8BC9CEB8-8B4A-11D0-8D11-00A0C91BC942}") = "mdllfactoryTest", "..\mdllfactory\Test\mdllfactoryTest.vcxproj", "{0E3E5A19-85D9-4BAB-BC35-2D8ED076C5A7}"
EndProject
Project("{2150E333-8FDC-42A3-9474-1A3956D46DE8}") = "TestProjects", "TestProjects", "{196CD223-3A8E-4A86-A922-B235F48E7D81}"
EndProject
Project("{8BC9CEB8-8B4A-11D0-8D11-00A0C91BC942}") = "testdll_1", "..\mdllfactory\Test\testdll_1\testdll_1.vcxproj", "{D9B7279C-1A08-409E-B5F4-C381FEEB47F4}"
EndProject
Project("{8BC9CEB8-8B4A-11D0-8D11-00A0C91BC942}") = "testdll_2", "..\mdllfactory\Test\testdll_2\testdll_2.vcxproj", "{69EF578D-51C3-4AF5-8005-FBBA07F57BB3}"
EndProject
Project("{8BC9CEB8-8B4A-11D0-8D11-00A0C91BC942}") = "mmodule", "..\mmodule\mmodule.vcxproj", "{C1DDB80C-E5BC-4F7A-B35F-299F6C2EB844}"
EndProject
Project("{8BC9CEB8-8B4A-11D0-8D11-00A0C91BC942}") = "mmoduleTest", "..\mmodule\Test\mmoduleTest.vcxproj", "{DFD4AABF-5688-4F4E-B971-C35E934C2529}"
EndProject
Global
	GlobalSection(SolutionConfigurationPlatforms) = preSolution
		Debug|x64 = Debug|x64
		Debug|x86 = Debug|x86
		Release|x64 = Release|x64
		Release|x86 = Release|x86
	EndGlobalSection
	GlobalSection(ProjectConfigurationPlatforms) = postSolution
		{E7BF311B-C590-4311-948A-109E6EB1CDB3}.Debug|x64.ActiveCfg = Debug|x64
		{E7BF311B-C590-4311-948A-109E6EB1CDB3}.Debug|x64.Build.0 = Debug|x64
		{E7BF311B-C590-4311-948A-109E6EB1CDB3}.Debug|x86.ActiveCfg = Debug|Win32
		{E7BF311B-C590-4311-948A-109E6EB1CDB3}.Debug|x86.Build.0 = Debug|Win32
		{E7BF311B-C590-4311-948A-109E6EB1CDB3}.Release|x64.ActiveCfg = Release|x64
		{E7BF311B-C590-4311-948A-109E6EB1CDB3}.Release|x64.Build.0 = Release|x64
		{E7BF311B-C590-4311-948A-109E6EB1CDB3}.Release|x86.ActiveCfg = Release|Win32
		{E7BF311B-C590-4311-948A-109E6EB1CDB3}.Release|x86.Build.0 = Release|Win32
		{49045281-86BB-41F0-A74D-ED7C9F108D30}.Debug|x64.ActiveCfg = Debug|x64
		{49045281-86BB-41F0-A74D-ED7C9F108D30}.Debug|x64.Build.0 = Debug|x64
		{49045281-86BB-41F0-A74D-ED7C9F108D30}.Debug|x86.ActiveCfg = Debug|Win32
		{49045281-86BB-41F0-A74D-ED7C9F108D30}.Debug|x86.Build.0 = Debug|Win32
		{49045281-86BB-41F0-A74D-ED7C9F108D30}.Release|x64.ActiveCfg = Release|x64
		{49045281-86BB-41F0-A74D-ED7C9F108D30}.Release|x64.Build.0 = Release|x64
		{49045281-86BB-41F0-A74D-ED7C9F108D30}.Release|x86.ActiveCfg = Release|Win32
		{49045281-86BB-41F0-A74D-ED7C9F108D30}.Release|x86.Build.0 = Release|Win32
		{EBEDF666-A766-4EA1-B5AA-3FE6505D42BC}.Debug|x64.ActiveCfg = Debug|x64
		{EBEDF666-A766-4EA1-B5AA-3FE6505D42BC}.Debug|x64.Build.0 = Debug|x64
		{EBEDF666-A766-4EA1-B5AA-3FE6505D42BC}.Debug|x86.ActiveCfg = Debug|Win32
		{EBEDF666-A766-4EA1-B5AA-3FE6505D42BC}.Debug|x86.Build.0 = Debug|Win32
		{EBEDF666-A766-4EA1-B5AA-3FE6505D42BC}.Release|x64.ActiveCfg = Release|x64
		{EBEDF666-A766-4EA1-B5AA-3FE6505D42BC}.Release|x64.Build.0 = Release|x64
		{EBEDF666-A766-4EA1-B5AA-3FE6505D42BC}.Release|x86.ActiveCfg = Release|Win32
		{EBEDF666-A766-4EA1-B5AA-3FE6505D42BC}.Release|x86.Build.0 = Release|Win32
		{817BC8E1-CF3F-4023-9639-667E0BA328C4}.Debug|x64.ActiveCfg = Debug|x64
		{817BC8E1-CF3F-4023-9639-667E0BA328C4}.Debug|x64.Build.0 = Debug|x64
		{817BC8E1-CF3F-4023-9639-667E0BA328C4}.Debug|x86.ActiveCfg = Debug|Win32
		{817BC8E1-CF3F-4023-9639-667E0BA328C4}.Debug|x86.Build.0 = Debug|Win32
		{817BC8E1-CF3F-4023-9639-667E0BA328C4}.Release|x64.ActiveCfg = Release|x64
		{817BC8E1-CF3F-4023-9639-667E0BA328C4}.Release|x64.Build.0 = Release|x64
		{817BC8E1-CF3F-4023-9639-667E0BA328C4}.Release|x86.ActiveCfg = Release|Win32
		{817BC8E1-CF3F-4023-9639-667E0BA328C4}.Release|x86.Build.0 = Release|Win32
		{66AD18BF-B108-45FE-B6A2-B5CE4AD7A42D}.Debug|x64.ActiveCfg = Debug|x64
		{66AD18BF-B108-45FE-B6A2-B5CE4AD7A42D}.Debug|x64.Build.0 = Debug|x64
		{66AD18BF-B108-45FE-B6A2-B5CE4AD7A42D}.Debug|x86.ActiveCfg = Debug|Win32
		{66AD18BF-B108-45FE-B6A2-B5CE4AD7A42D}.Debug|x86.Build.0 = Debug|Win32
		{66AD18BF-B108-45FE-B6A2-B5CE4AD7A42D}.Release|x64.ActiveCfg = Release|x64
		{66AD18BF-B108-45FE-B6A2-B5CE4AD7A42D}.Release|x64.Build.0 = Release|x64
		{66AD18BF-B108-45FE-B6A2-B5CE4AD7A42D}.Release|x86.ActiveCfg = Release|Win32
		{66AD18BF-B108-45FE-B6A2-B5CE4AD7A42D}.Release|x86.Build.0 = Release|Win32
		{D63D9999-A17B-45F7-B7F9-F83939239B00}.Debug|x64.ActiveCfg = Debug|x64
		{D63D9999-A17B-45F7-B7F9-F83939239B00}.Debug|x64.Build.0 = Debug|x64
		{D63D9999-A17B-45F7-B7F9-F83939239B00}.Debug|x86.ActiveCfg = Debug|Win32
		{D63D9999-A17B-45F7-B7F9-F83939239B00}.Debug|x86.Build.0 = Debug|Win32
		{D63D9999-A17B-45F7-B7F9-F83939239B00}.Release|x64.ActiveCfg = Release|x64
		{D63D9999-A17B-45F7-B7F9-F83939239B00}.Release|x64.Build.0 = Release|x64
		{D63D9999-A17B-45F7-B7F9-F83939239B00}.Release|x86.ActiveCfg = Release|Win32
		{D63D9999-A17B-45F7-B7F9-F83939239B00}.Release|x86.Build.0 = Release|Win32
		{681F686A-3226-4230-8DD9-88EE84A8E2EE}.Debug|x64.ActiveCfg = Debug|x64
		{681F686A-3226-4230-8DD9-88EE84A8E2EE}.Debug|x64.Build.0 = Debug|x64
		{681F686A-3226-4230-8DD9-88EE84A8E2EE}.Debug|x86.ActiveCfg = Debug|Win32
		{681F686A-3226-4230-8DD9-88EE84A8E2EE}.Debug|x86.Build.0 = Debug|Win32
		{681F686A-3226-4230-8DD9-88EE84A8E2EE}.Release|x64.ActiveCfg = Release|x64
		{681F686A-3226-4230-8DD9-88EE84A8E2EE}.Release|x64.Build.0 = Release|x64
		{681F686A-3226-4230-8DD9-88EE84A8E2EE}.Release|x86.ActiveCfg = Release|Win32
		{681F686A-3226-4230-8DD9-88EE84A8E2EE}.Release|x86.Build.0 = Release|Win32
		{019F6813-A1FD-4FF3-96C9-A39525E755CD}.Debug|x64.ActiveCfg = Debug|x64
		{019F6813-A1FD-4FF3-96C9-A39525E755CD}.Debug|x64.Build.0 = Debug|x64
		{019F6813-A1FD-4FF3-96C9-A39525E755CD}.Debug|x86.ActiveCfg = Debug|Win32
		{019F6813-A1FD-4FF3-96C9-A39525E755CD}.Debug|x86.Build.0 = Debug|Win32
		{019F6813-A1FD-4FF3-96C9-A39525E755CD}.Release|x64.ActiveCfg = Release|x64
		{019F6813-A1FD-4FF3-96C9-A39525E755CD}.Release|x64.Build.0 = Release|x64
		{019F6813-A1FD-4FF3-96C9-A39525E755CD}.Release|x86.ActiveCfg = Release|Win32
		{019F6813-A1FD-4FF3-96C9-A39525E755CD}.Release|x86.Build.0 = Release|Win32
		{42B50CEF-DC26-429F-91C8-FF640C2BFB54}.Debug|x64.ActiveCfg = Debug|x64
		{42B50CEF-DC26-429F-91C8-FF640C2BFB54}.Debug|x64.Build.0 = Debug|x64
		{42B50CEF-DC26-429F-91C8-FF640C2BFB54}.Debug|x86.ActiveCfg = Debug|Win32
		{42B50CEF-DC26-429F-91C8-FF640C2BFB54}.Debug|x86.Build.0 = Debug|Win32
		{42B50CEF-DC26-429F-91C8-FF640C2BFB54}.Release|x64.ActiveCfg = Release|x64
		{42B50CEF-DC26-429F-91C8-FF640C2BFB54}.Release|x64.Build.0 = Release|x64
		{42B50CEF-DC26-429F-91C8-FF640C2BFB54}.Release|x86.ActiveCfg = Release|Win32
		{42B50CEF-DC26-429F-91C8-FF640C2BFB54}.Release|x86.Build.0 = Release|Win32
		{75467AC5-1C86-4EF9-B197-B14DE5E46ABC}.Debug|x64.ActiveCfg = Debug|x64
		{75467AC5-1C86-4EF9-B197-B14DE5E46ABC}.Debug|x64.Build.0 = Debug|x64
		{75467AC5-1C86-4EF9-B197-B14DE5E46ABC}.Debug|x86.ActiveCfg = Debug|Win32
		{75467AC5-1C86-4EF9-B197-B14DE5E46ABC}.Debug|x86.Build.0 = Debug|Win32
		{75467AC5-1C86-4EF9-B197-B14DE5E46ABC}.Release|x64.ActiveCfg = Release|x64
		{75467AC5-1C86-4EF9-B197-B14DE5E46ABC}.Release|x64.Build.0 = Release|x64
		{75467AC5-1C86-4EF9-B197-B14DE5E46ABC}.Release|x86.ActiveCfg = Release|Win32
		{75467AC5-1C86-4EF9-B197-B14DE5E46ABC}.Release|x86.Build.0 = Release|Win32
		{1445D4F5-645D-4A0C-B858-6DAB559FE8BC}.Debug|x64.ActiveCfg = Debug|x64
		{1445D4F5-645D-4A0C-B858-6DAB559FE8BC}.Debug|x64.Build.0 = Debug|x64
		{1445D4F5-645D-4A0C-B858-6DAB559FE8BC}.Debug|x86.ActiveCfg = Debug|Win32
		{1445D4F5-645D-4A0C-B858-6DAB559FE8BC}.Debug|x86.Build.0 = Debug|Win32
		{1445D4F5-645D-4A0C-B858-6DAB559FE8BC}.Release|x64.ActiveCfg = Release|x64
		{1445D4F5-645D-4A0C-B858-6DAB559FE8BC}.Release|x64.Build.0 = Release|x64
		{1445D4F5-645D-4A0C-B858-6DAB559FE8BC}.Release|x86.ActiveCfg = Release|Win32
		{1445D4F5-645D-4A0C-B858-6DAB559FE8BC}.Release|x86.Build.0 = Release|Win32
		{0E3E5A19-85D9-4BAB-BC35-2D8ED076C5A7}.Debug|x64.ActiveCfg = Debug|x64
		{0E3E5A19-85D9-4BAB-BC35-2D8ED076C5A7}.Debug|x64.Build.0 = Debug|x64
		{0E3E5A19-85D9-4BAB-BC35-2D8ED076C5A7}.Debug|x86.ActiveCfg = Debug|Win32
		{0E3E5A19-85D9-4BAB-BC35-2D8ED076C5A7}.Debug|x86.Build.0 = Debug|Win32
		{0E3E5A19-85D9-4BAB-BC35-2D8ED076C5A7}.Release|x64.ActiveCfg = Release|x64
		{0E3E5A19-85D9-4BAB-BC35-2D8ED076C5A7}.Release|x64.Build.0 = Release|x64
		{0E3E5A19-85D9-4BAB-BC35-2D8ED076C5A7}.Release|x86.ActiveCfg = Release|Win32
		{0E3E5A19-85D9-4BAB-BC35-2D8ED076C5A7}.Release|x86.Build.0 = Release|Win32
		{D9B7279C-1A08-409E-B5F4-C381FEEB47F4}.Debug|x64.ActiveCfg = Debug|x64
		{D9B7279C-1A08-409E-B5F4-C381FEEB47F4}.Debug|x64.Build.0 = Debug|x64
		{D9B7279C-1A08-409E-B5F4-C381FEEB47F4}.Debug|x86.ActiveCfg = Debug|Win32
		{D9B7279C-1A08-409E-B5F4-C381FEEB47F4}.Debug|x86.Build.0 = Debug|Win32
		{D9B7279C-1A08-409E-B5F4-C381FEEB47F4}.Release|x64.ActiveCfg = Release|x64
		{D9B7279C-1A08-409E-B5F4-C381FEEB47F4}.Release|x64.Build.0 = Release|x64
		{D9B7279C-1A08-409E-B5F4-C381FEEB47F4}.Release|x86.ActiveCfg = Release|Win32
		{D9B7279C-1A08-409E-B5F4-C381FEEB47F4}.Release|x86.Build.0 = Release|Win32
		{69EF578D-51C3-4AF5-8005-FBBA07F57BB3}.Debug|x64.ActiveCfg = Debug|x64
		{69EF578D-51C3-4AF5-8005-FBBA07F57BB3}.Debug|x64.Build.0 = Debug|x64
		{69EF578D-51C3-4AF5-8005-FBBA07F57BB3}.Debug|x86.ActiveCfg = Debug|Win32
		{69EF578D-51C3-4AF5-8005-FBBA07F57BB3}.Debug|x86.Build.0 = Debug|Win32
		{69EF578D-51C3-4AF5-8005-FBBA07F57BB3}.Release|x64.ActiveCfg = Release|x64
		{69EF578D-51C3-4AF5-8005-FBBA07F57BB3}.Release|x64.Build.0 = Release|x64
		{69EF578D-51C3-4AF5-8005-FBBA07F57BB3}.Release|x86.ActiveCfg = Release|Win32
		{69EF578D-51C3-4AF5-8005-FBBA07F57BB3}.Release|x86.Build.0 = Release|Win32
		{C1DDB80C-E5BC-4F7A-B35F-299F6C2EB844}.Debug|x64.ActiveCfg = Debug|x64
		{C1DDB80C-E5BC-4F7A-B35F-299F6C2EB844}.Debug|x64.Build.0 = Debug|x64
		{C1DDB80C-E5BC-4F7A-B35F-299F6C2EB844}.Debug|x86.ActiveCfg = Debug|Win32
		{C1DDB80C-E5BC-4F7A-B35F-299F6C2EB844}.Debug|x86.Build.0 = Debug|Win32
		{C1DDB80C-E5BC-4F7A-B35F-299F6C2EB844}.Release|x64.ActiveCfg = Release|x64
		{C1DDB80C-E5BC-4F7A-B35F-299F6C2EB844}.Release|x64.Build.0 = Release|x64
		{C1DDB80C-E5BC-4F7A-B35F-299F6C2EB844}.Release|x86.ActiveCfg = Release|Win32
		{C1DDB80C-E5BC-4F7A-B35F-299F6C2EB844}.Release|x86.Build.0 = Release|Win32
		{DFD4AABF-5688-4F4E-B971-C35E934C2529}.Debug|x64.ActiveCfg = Debug|x64
		{DFD4AABF-5688-4F4E-B971-C35E934C2529}.Debug|x64.Build.0 = Debug|x64
		{DFD4AABF-5688-4F4E-B971-C35E934C2529}.Debug|x86.ActiveCfg = Debug|Win32
		{DFD4AABF-5688-4F4E-B971-C35E934C2529}.Debug|x86.Build.0 = Debug|Win32
		{DFD4AABF-5688-4F4E-B971-C35E934C2529}.Release|x64.ActiveCfg = Release|x64
		{DFD4AABF-5688-4F4E-B971-C35E934C2529}.Release|x64.Build.0 = Release|x64
		{DFD4AABF-5688-4F4E-B971-C35E934C2529}.Release|x86.ActiveCfg = Release|Win32
		{DFD4AABF-5688-4F4E-B971-C35E934C2529}.Release|x86.Build.0 = Release|Win32
	EndGlobalSection
	GlobalSection(SolutionProperties) = preSolution
		HideSolutionNode = FALSE
	EndGlobalSection
	GlobalSection(NestedProjects) = preSolution
		{EBEDF666-A766-4EA1-B5AA-3FE6505D42BC} = {E2B69F49-0E88-48D5-8EE2-6E621D1457A1}
		{817BC8E1-CF3F-4023-9639-667E0BA328C4} = {4B74C2F2-20E0-4728-8F89-FCC08001DEA3}
		{66AD18BF-B108-45FE-B6A2-B5CE4AD7A42D} = {4B74C2F2-20E0-4728-8F89-FCC08001DEA3}
		{D63D9999-A17B-45F7-B7F9-F83939239B00} = {4B74C2F2-20E0-4728-8F89-FCC08001DEA3}
		{681F686A-3226-4230-8DD9-88EE84A8E2EE} = {4B74C2F2-20E0-4728-8F89-FCC08001DEA3}
		{019F6813-A1FD-4FF3-96C9-A39525E755CD} = {4B74C2F2-20E0-4728-8F89-FCC08001DEA3}
		{42B50CEF-DC26-429F-91C8-FF640C2BFB54} = {E2B69F49-0E88-48D5-8EE2-6E621D1457A1}
		{1445D4F5-645D-4A0C-B858-6DAB559FE8BC} = {E2B69F49-0E88-48D5-8EE2-6E621D1457A1}
		{0E3E5A19-85D9-4BAB-BC35-2D8ED076C5A7} = {4B74C2F2-20E0-4728-8F89-FCC08001DEA3}
		{196CD223-3A8E-4A86-A922-B235F48E7D81} = {4B74C2F2-20E0-4728-8F89-FCC08001DEA3}
		{D9B7279C-1A08-409E-B5F4-C381FEEB47F4} = {196CD223-3A8E-4A86-A922-B235F48E7D81}
		{69EF578D-51C3-4AF5-8005-FBBA07F57BB3} = {196CD223-3A8E-4A86-A922-B235F48E7D81}
		{C1DDB80C-E5BC-4F7A-B35F-299F6C2EB844} = {E2B69F49-0E88-48D5-8EE2-6E621D1457A1}
		{DFD4AABF-5688-4F4E-B971-C35E934C2529} = {4B74C2F2-20E0-4728-8F89-FCC08001DEA3}
	EndGlobalSection
	GlobalSection(ExtensibilityGlobals) = postSolution
		SolutionGuid = {2BCDFE5A-0069-4D5F-9837-14B8D2948D56}
	EndGlobalSection
EndGlobal
